
Microsoft Visual Studio Solution File, Format Version 12.00
# Visual Studio 15
VisualStudioVersion = 15.0.35213.121
MinimumVisualStudioVersion = 10.0.40219.1
Project("{FAE04EC0-301F-11D3-BF4B-00C04F79EFBC}") = "Asal sayılar toplamı", "Asal sayılar toplamı\Asal sayılar toplamı.csproj", "{F1A3A1EC-096E-48A7-A82C-033C549D5D7E}"
EndProject
Global
	GlobalSection(SolutionConfigurationPlatforms) = preSolution
		Debug|Any CPU = Debug|Any CPU
		Release|Any CPU = Release|Any CPU
	EndGlobalSection
	GlobalSection(ProjectConfigurationPlatforms) = postSolution
		{F1A3A1EC-096E-48A7-A82C-033C549D5D7E}.Debug|Any CPU.ActiveCfg = Debug|Any CPU
		{F1A3A1EC-096E-48A7-A82C-033C549D5D7E}.Debug|Any CPU.Build.0 = Debug|Any CPU
		{F1A3A1EC-096E-48A7-A82C-033C549D5D7E}.Release|Any CPU.ActiveCfg = Release|Any CPU
		{F1A3A1EC-096E-48A7-A82C-033C549D5D7E}.Release|Any CPU.Build.0 = Release|Any CPU
	EndGlobalSection
	GlobalSection(SolutionProperties) = preSolution
		HideSolutionNode = FALSE
	EndGlobalSection
	GlobalSection(ExtensibilityGlobals) = postSolution
		SolutionGuid = {6CA877EF-4404-4FBF-9ECF-1865EA28B9D1}
	EndGlobalSection
EndGlobal
